# This file is automatically @generated by Cargo.
# It is not intended for manual editing.
version = 4

[[package]]
name = "diskpie"
version = "0.1.0"
dependencies = [
 "diskpie-app",
 "diskpie-platform",
]

[[package]]
name = "diskpie-app"
version = "0.1.0"
dependencies = [
 "diskpie-core",
 "diskpie-scan",
]

[[package]]
name = "diskpie-core"
version = "0.1.0"

[[package]]
name = "diskpie-platform"
version = "0.1.0"
dependencies = [
 "diskpie-app",
 "diskpie-core",
 "diskpie-scan",
]

[[package]]
name = "diskpie-scan"
version = "0.1.0"
dependencies = [
 "diskpie-core",
]
